
Microsoft Visual Studio Solution File, Format Version 12.00
# Visual Studio Version 17
VisualStudioVersion = 17.13.35818.85
MinimumVisualStudioVersion = 10.0.40219.1
Project("{2150E333-8FDC-42A3-9474-1A3956D46DE8}") = "Solution Items", "Solution Items", "{2EC36426-7BFE-42D3-B006-79990B4B602E}"
	ProjectSection(SolutionItems) = preProject
		.editorconfig = .editorconfig
	EndProjectSection
EndProject
Project("{FAE04EC0-301F-11D3-BF4B-00C04F79EFBC}") = "ServiceXpert.Web", "ServiceXpert.Web\ServiceXpert.Web.csproj", "{FAAF83DA-E2BB-46C5-AAB0-CE81B8F71F4E}"
EndProject
Project("{FAE04EC0-301F-11D3-BF4B-00C04F79EFBC}") = "ServiceXpert.Domain", "ServiceXpert.Domain\ServiceXpert.Domain.csproj", "{E4533133-EA7C-875D-D5F2-5017072A4724}"
EndProject
Project("{FAE04EC0-301F-11D3-BF4B-00C04F79EFBC}") = "ServiceXpert.Application", "ServiceXpert.Application\ServiceXpert.Application.csproj", "{C08A880C-83DE-C957-E057-A221E848C022}"
EndProject
Project("{FAE04EC0-301F-11D3-BF4B-00C04F79EFBC}") = "ServiceXpert.Infrastructure", "ServiceXpert.Infrastructure\ServiceXpert.Infrastructure.csproj", "{24FC3A9F-5591-1A42-3D53-29F26077CD68}"
EndProject
Global
	GlobalSection(SolutionConfigurationPlatforms) = preSolution
		Debug|Any CPU = Debug|Any CPU
		Release|Any CPU = Release|Any CPU
	EndGlobalSection
	GlobalSection(ProjectConfigurationPlatforms) = postSolution
		{FAAF83DA-E2BB-46C5-AAB0-CE81B8F71F4E}.Debug|Any CPU.ActiveCfg = Debug|Any CPU
		{FAAF83DA-E2BB-46C5-AAB0-CE81B8F71F4E}.Debug|Any CPU.Build.0 = Debug|Any CPU
		{FAAF83DA-E2BB-46C5-AAB0-CE81B8F71F4E}.Release|Any CPU.ActiveCfg = Release|Any CPU
		{FAAF83DA-E2BB-46C5-AAB0-CE81B8F71F4E}.Release|Any CPU.Build.0 = Release|Any CPU
		{E4533133-EA7C-875D-D5F2-5017072A4724}.Debug|Any CPU.ActiveCfg = Debug|Any CPU
		{E4533133-EA7C-875D-D5F2-5017072A4724}.Debug|Any CPU.Build.0 = Debug|Any CPU
		{E4533133-EA7C-875D-D5F2-5017072A4724}.Release|Any CPU.ActiveCfg = Release|Any CPU
		{E4533133-EA7C-875D-D5F2-5017072A4724}.Release|Any CPU.Build.0 = Release|Any CPU
		{C08A880C-83DE-C957-E057-A221E848C022}.Debug|Any CPU.ActiveCfg = Debug|Any CPU
		{C08A880C-83DE-C957-E057-A221E848C022}.Debug|Any CPU.Build.0 = Debug|Any CPU
		{C08A880C-83DE-C957-E057-A221E848C022}.Release|Any CPU.ActiveCfg = Release|Any CPU
		{C08A880C-83DE-C957-E057-A221E848C022}.Release|Any CPU.Build.0 = Release|Any CPU
		{24FC3A9F-5591-1A42-3D53-29F26077CD68}.Debug|Any CPU.ActiveCfg = Debug|Any CPU
		{24FC3A9F-5591-1A42-3D53-29F26077CD68}.Debug|Any CPU.Build.0 = Debug|Any CPU
		{24FC3A9F-5591-1A42-3D53-29F26077CD68}.Release|Any CPU.ActiveCfg = Release|Any CPU
		{24FC3A9F-5591-1A42-3D53-29F26077CD68}.Release|Any CPU.Build.0 = Release|Any CPU
	EndGlobalSection
	GlobalSection(SolutionProperties) = preSolution
		HideSolutionNode = FALSE
	EndGlobalSection
	GlobalSection(ExtensibilityGlobals) = postSolution
		SolutionGuid = {41181682-CFE7-45C1-8C4D-F3FB529C690C}
	EndGlobalSection
EndGlobal
