
Microsoft Visual Studio Solution File, Format Version 12.00
# Visual Studio Version 17
VisualStudioVersion = 17.13.35818.85
MinimumVisualStudioVersion = 10.0.40219.1
Project("{2150E333-8FDC-42A3-9474-1A3956D46DE8}") = "Solution Items", "Solution Items", "{2EC36426-7BFE-42D3-B006-79990B4B602E}"
	ProjectSection(SolutionItems) = preProject
		.editorconfig = .editorconfig
	EndProjectSection
EndProject
Project("{2150E333-8FDC-42A3-9474-1A3956D46DE8}") = "Api", "Api", "{02EA681E-C7D8-13C7-8484-4AC65E1B71E8}"
EndProject
Project("{2150E333-8FDC-42A3-9474-1A3956D46DE8}") = "src", "src", "{DA1243AC-378C-4A14-9118-2060162C5D41}"
EndProject
Project("{2150E333-8FDC-42A3-9474-1A3956D46DE8}") = "Core", "Core", "{31CDC237-30ED-41BC-8334-82553A535DD5}"
EndProject
Project("{2150E333-8FDC-42A3-9474-1A3956D46DE8}") = "External", "External", "{3AEDD1C9-4E5F-4358-BBE0-4E3AD033B9F3}"
EndProject
Project("{FAE04EC0-301F-11D3-BF4B-00C04F79EFBC}") = "ServiceXpert.Api.Domain", "ServiceXpert.Api.Domain\ServiceXpert.Api.Domain.csproj", "{F4D813CE-A703-C26C-A7DB-D877FD25E4C4}"
EndProject
Project("{FAE04EC0-301F-11D3-BF4B-00C04F79EFBC}") = "ServiceXpert.Api.Application", "ServiceXpert.Api.Application\ServiceXpert.Api.Application.csproj", "{EEA2BD94-29B6-04D3-65F6-C431C1965866}"
EndProject
Project("{FAE04EC0-301F-11D3-BF4B-00C04F79EFBC}") = "ServiceXpert.Api.Infrastructure", "ServiceXpert.Api.Infrastructure\ServiceXpert.Api.Infrastructure.csproj", "{0D22BD0E-2891-1752-342B-B1576D4D2F64}"
EndProject
Project("{FAE04EC0-301F-11D3-BF4B-00C04F79EFBC}") = "ServiceXpert.Api.Presentation", "ServiceXpert.Api.Presentation\ServiceXpert.Api.Presentation.csproj", "{EC4B90E2-FAB7-F496-4A47-381D8FE6E426}"
EndProject
Project("{FAE04EC0-301F-11D3-BF4B-00C04F79EFBC}") = "ServiceXpert.Web", "ServiceXpert.Web\ServiceXpert.Web.csproj", "{FAAF83DA-E2BB-46C5-AAB0-CE81B8F71F4E}"
EndProject
Global
	GlobalSection(SolutionConfigurationPlatforms) = preSolution
		Debug|Any CPU = Debug|Any CPU
		Release|Any CPU = Release|Any CPU
	EndGlobalSection
	GlobalSection(ProjectConfigurationPlatforms) = postSolution
		{FAAF83DA-E2BB-46C5-AAB0-CE81B8F71F4E}.Debug|Any CPU.ActiveCfg = Debug|Any CPU
		{FAAF83DA-E2BB-46C5-AAB0-CE81B8F71F4E}.Debug|Any CPU.Build.0 = Debug|Any CPU
		{FAAF83DA-E2BB-46C5-AAB0-CE81B8F71F4E}.Release|Any CPU.ActiveCfg = Release|Any CPU
		{FAAF83DA-E2BB-46C5-AAB0-CE81B8F71F4E}.Release|Any CPU.Build.0 = Release|Any CPU
		{F4D813CE-A703-C26C-A7DB-D877FD25E4C4}.Debug|Any CPU.ActiveCfg = Debug|Any CPU
		{F4D813CE-A703-C26C-A7DB-D877FD25E4C4}.Debug|Any CPU.Build.0 = Debug|Any CPU
		{F4D813CE-A703-C26C-A7DB-D877FD25E4C4}.Release|Any CPU.ActiveCfg = Release|Any CPU
		{F4D813CE-A703-C26C-A7DB-D877FD25E4C4}.Release|Any CPU.Build.0 = Release|Any CPU
		{EEA2BD94-29B6-04D3-65F6-C431C1965866}.Debug|Any CPU.ActiveCfg = Debug|Any CPU
		{EEA2BD94-29B6-04D3-65F6-C431C1965866}.Debug|Any CPU.Build.0 = Debug|Any CPU
		{EEA2BD94-29B6-04D3-65F6-C431C1965866}.Release|Any CPU.ActiveCfg = Release|Any CPU
		{EEA2BD94-29B6-04D3-65F6-C431C1965866}.Release|Any CPU.Build.0 = Release|Any CPU
		{0D22BD0E-2891-1752-342B-B1576D4D2F64}.Debug|Any CPU.ActiveCfg = Debug|Any CPU
		{0D22BD0E-2891-1752-342B-B1576D4D2F64}.Debug|Any CPU.Build.0 = Debug|Any CPU
		{0D22BD0E-2891-1752-342B-B1576D4D2F64}.Release|Any CPU.ActiveCfg = Release|Any CPU
		{0D22BD0E-2891-1752-342B-B1576D4D2F64}.Release|Any CPU.Build.0 = Release|Any CPU
		{EC4B90E2-FAB7-F496-4A47-381D8FE6E426}.Debug|Any CPU.ActiveCfg = Debug|Any CPU
		{EC4B90E2-FAB7-F496-4A47-381D8FE6E426}.Debug|Any CPU.Build.0 = Debug|Any CPU
		{EC4B90E2-FAB7-F496-4A47-381D8FE6E426}.Release|Any CPU.ActiveCfg = Release|Any CPU
		{EC4B90E2-FAB7-F496-4A47-381D8FE6E426}.Release|Any CPU.Build.0 = Release|Any CPU
	EndGlobalSection
	GlobalSection(SolutionProperties) = preSolution
		HideSolutionNode = FALSE
	EndGlobalSection
	GlobalSection(NestedProjects) = preSolution
		{DA1243AC-378C-4A14-9118-2060162C5D41} = {02EA681E-C7D8-13C7-8484-4AC65E1B71E8}
		{31CDC237-30ED-41BC-8334-82553A535DD5} = {DA1243AC-378C-4A14-9118-2060162C5D41}
		{3AEDD1C9-4E5F-4358-BBE0-4E3AD033B9F3} = {DA1243AC-378C-4A14-9118-2060162C5D41}
		{F4D813CE-A703-C26C-A7DB-D877FD25E4C4} = {31CDC237-30ED-41BC-8334-82553A535DD5}
		{EEA2BD94-29B6-04D3-65F6-C431C1965866} = {31CDC237-30ED-41BC-8334-82553A535DD5}
		{0D22BD0E-2891-1752-342B-B1576D4D2F64} = {3AEDD1C9-4E5F-4358-BBE0-4E3AD033B9F3}
		{EC4B90E2-FAB7-F496-4A47-381D8FE6E426} = {3AEDD1C9-4E5F-4358-BBE0-4E3AD033B9F3}
	EndGlobalSection
	GlobalSection(ExtensibilityGlobals) = postSolution
		SolutionGuid = {41181682-CFE7-45C1-8C4D-F3FB529C690C}
	EndGlobalSection
EndGlobal
